
Microsoft Visual Studio Solution File, Format Version 12.00
# Visual Studio Version 17
VisualStudioVersion = 17.3.32825.248
MinimumVisualStudioVersion = 10.0.40219.1
Project("{9A19103F-16F7-4668-BE54-9A1E7A4F7556}") = "MoreDoors", "MoreDoors\MoreDoors.csproj", "{2B252F66-CD72-4473-B715-089D1379AA22}"
EndProject
Project("{2150E333-8FDC-42A3-9474-1A3956D46DE8}") = "Solution Files", "Solution Files", "{D54698D6-E795-4975-AD4E-555EDCE1567F}"
	ProjectSection(SolutionItems) = preProject
		.github\workflows\build.yml = .github\workflows\build.yml
		..\README.md = ..\README.md
		..\SPOILER.md = ..\SPOILER.md
	EndProjectSection
EndProject
Global
	GlobalSection(SolutionConfigurationPlatforms) = preSolution
		Debug|Any CPU = Debug|Any CPU
		Release|Any CPU = Release|Any CPU
	EndGlobalSection
	GlobalSection(ProjectConfigurationPlatforms) = postSolution
		{2B252F66-CD72-4473-B715-089D1379AA22}.Debug|Any CPU.ActiveCfg = Debug|Any CPU
		{2B252F66-CD72-4473-B715-089D1379AA22}.Debug|Any CPU.Build.0 = Debug|Any CPU
		{2B252F66-CD72-4473-B715-089D1379AA22}.Release|Any CPU.ActiveCfg = Release|Any CPU
		{2B252F66-CD72-4473-B715-089D1379AA22}.Release|Any CPU.Build.0 = Release|Any CPU
	EndGlobalSection
	GlobalSection(SolutionProperties) = preSolution
		HideSolutionNode = FALSE
	EndGlobalSection
	GlobalSection(ExtensibilityGlobals) = postSolution
		SolutionGuid = {5BCE978D-A115-4EE8-A209-84A4ACFEDCE2}
	EndGlobalSection
EndGlobal
